{
  "nodes": {
    "elisp-helpers": {
      "inputs": {
        "fromElisp": "fromElisp"
      },
      "locked": {
        "lastModified": 1763784882,
        "narHash": "sha256-ZaGDaT7hKNFh/RwT0YZqWL9AzFjRgpUPGGYbVVHJ4PM=",
        "owner": "emacs-twist",
        "repo": "elisp-helpers",
        "rev": "6126c7bb179b13442c86e6f5ee9ff7b0c4837e53",
        "type": "github"
      },
      "original": {
        "owner": "emacs-twist",
        "repo": "elisp-helpers",
        "type": "github"
      }
    },
    "elpa": {
      "flake": false,
      "locked": {
        "lastModified": 1774535738,
        "narHash": "sha256-qTDbZJ8MeTGZPetDWnNsjCj5GpD6r2DbvlyWHD7eF2w=",
        "owner": "elpa-mirrors",
        "repo": "elpa",
        "rev": "e4845be089e7a0eebf0deebbc7a0bbc1274db731",
        "type": "github"
      },
      "original": {
        "owner": "elpa-mirrors",
        "repo": "elpa",
        "type": "github"
      }
    },
    "emacs-overlay": {
      "inputs": {
        "nixpkgs": "nixpkgs",
        "nixpkgs-stable": "nixpkgs-stable"
      },
      "locked": {
        "lastModified": 1775360005,
        "narHash": "sha256-VoTDcsESZM+oyf9KlZskpqYhL3pIrT8Jw4cWC5GD7xg=",
        "owner": "nix-community",
        "repo": "emacs-overlay",
        "rev": "dd2448f71b6984ebd6575b0f49ddbbaee0e18b3f",
        "type": "github"
      },
      "original": {
        "owner": "nix-community",
        "repo": "emacs-overlay",
        "type": "github"
      }
    },
    "epkgs": {
      "flake": false,
      "locked": {
        "lastModified": 1774820729,
        "narHash": "sha256-HrvWC5hqhBNq1T2sJqarsxV0H2WZq3gr812ZYfWldUQ=",
        "owner": "emacsmirror",
        "repo": "epkgs",
        "rev": "6e721ed710ef93ea6394060827fa9afda28b2fcb",
        "type": "github"
      },
      "original": {
        "owner": "emacsmirror",
        "repo": "epkgs",
        "type": "github"
      }
    },
    "flake-utils": {
      "inputs": {
        "systems": "systems"
      },
      "locked": {
        "lastModified": 1731533236,
        "narHash": "sha256-l0KFg5HjrsfsO/JpG+r7fRrqm12kzFHyUHqHCVpMMbI=",
        "owner": "numtide",
        "repo": "flake-utils",
        "rev": "11707dc2f618dd54ca8739b309ec4fc024de578b",
        "type": "github"
      },
      "original": {
        "owner": "numtide",
        "repo": "flake-utils",
        "type": "github"
      }
    },
    "fromElisp": {
      "flake": false,
      "locked": {
        "lastModified": 1723987997,
        "narHash": "sha256-OhaVgTG6zjLByzl+uPTvtCld3p2uqgbCXmOl/s3LVRo=",
        "owner": "talyz",
        "repo": "fromElisp",
        "rev": "f071a0e262c02c0895b575c4e322b7fd90713543",
        "type": "github"
      },
      "original": {
        "owner": "talyz",
        "repo": "fromElisp",
        "type": "github"
      }
    },
    "melpa": {
      "flake": false,
      "locked": {
        "lastModified": 1775331527,
        "narHash": "sha256-qJntXHX757U5Xy34nWNHq9A939u32jJFHgKPLrYVPm0=",
        "owner": "melpa",
        "repo": "melpa",
        "rev": "77fae332efb95ed1bcc412e26c4859a5944c15a8",
        "type": "github"
      },
      "original": {
        "owner": "melpa",
        "repo": "melpa",
        "type": "github"
      }
    },
    "nixpkgs": {
      "locked": {
        "lastModified": 1775036866,
        "narHash": "sha256-ZojAnPuCdy657PbTq5V0Y+AHKhZAIwSIT2cb8UgAz/U=",
        "owner": "NixOS",
        "repo": "nixpkgs",
        "rev": "6201e203d09599479a3b3450ed24fa81537ebc4e",
        "type": "github"
      },
      "original": {
        "owner": "NixOS",
        "ref": "nixos-unstable",
        "repo": "nixpkgs",
        "type": "github"
      }
    },
    "nixpkgs-stable": {
      "locked": {
        "lastModified": 1775002709,
        "narHash": "sha256-d3Yx83vSrN+2z/loBh4mJpyRqr9aAJqlke4TkpFmRJA=",
        "owner": "NixOS",
        "repo": "nixpkgs",
        "rev": "bcd464ccd2a1a7cd09aa2f8d4ffba83b761b1d0e",
        "type": "github"
      },
      "original": {
        "owner": "NixOS",
        "ref": "nixos-25.11",
        "repo": "nixpkgs",
        "type": "github"
      }
    },
    "nixpkgs_2": {
      "locked": {
        "lastModified": 1775036866,
        "narHash": "sha256-ZojAnPuCdy657PbTq5V0Y+AHKhZAIwSIT2cb8UgAz/U=",
        "owner": "NixOS",
        "repo": "nixpkgs",
        "rev": "6201e203d09599479a3b3450ed24fa81537ebc4e",
        "type": "github"
      },
      "original": {
        "owner": "NixOS",
        "ref": "nixos-unstable",
        "repo": "nixpkgs",
        "type": "github"
      }
    },
    "nongnu": {
      "flake": false,
      "locked": {
        "lastModified": 1775140556,
        "narHash": "sha256-z6dxooNYIieHdDUVlepmjQWbxt2PzZMGRloh6hB9NNo=",
        "owner": "elpa-mirrors",
        "repo": "nongnu",
        "rev": "9589680ec7cf0ac153aa0a0c7f9feae602826ad6",
        "type": "github"
      },
      "original": {
        "owner": "elpa-mirrors",
        "repo": "nongnu",
        "type": "github"
      }
    },
    "org-babel": {
      "locked": {
        "lastModified": 1731256202,
        "narHash": "sha256-xtV0vIUhl3ZUzaUIHSaiWpybxyCgQ9Yp/MUGo3f5zvM=",
        "owner": "emacs-twist",
        "repo": "org-babel",
        "rev": "a5d16c54aca35c07af59d216cda598163512db42",
        "type": "github"
      },
      "original": {
        "owner": "emacs-twist",
        "repo": "org-babel",
        "type": "github"
      }
    },
    "root": {
      "inputs": {
        "elpa": "elpa",
        "emacs-overlay": "emacs-overlay",
        "epkgs": "epkgs",
        "flake-utils": "flake-utils",
        "melpa": "melpa",
        "nixpkgs": "nixpkgs_2",
        "nongnu": "nongnu",
        "org-babel": "org-babel",
        "twist": "twist"
      }
    },
    "systems": {
      "locked": {
        "lastModified": 1681028828,
        "narHash": "sha256-Vy1rq5AaRuLzOxct8nz4T6wlgyUR7zLU309k9mBC768=",
        "owner": "nix-systems",
        "repo": "default",
        "rev": "da67096a3b9bf56a91d16901293e51ba5b49a27e",
        "type": "github"
      },
      "original": {
        "owner": "nix-systems",
        "repo": "default",
        "type": "github"
      }
    },
    "twist": {
      "inputs": {
        "elisp-helpers": "elisp-helpers"
      },
      "locked": {
        "lastModified": 1773918055,
        "narHash": "sha256-sOduLeCJGmxe1AkCSaPoPccSeP5q2kKASPdQBd26g9w=",
        "owner": "emacs-twist",
        "repo": "twist.nix",
        "rev": "a53210dab4eb40d56be7b6218f5a4f8b93eff214",
        "type": "github"
      },
      "original": {
        "owner": "emacs-twist",
        "repo": "twist.nix",
        "type": "github"
      }
    }
  },
  "root": "root",
  "version": 7
}
