{
  "nodes": {
    "root": {
      "inputs": {
        "setup": "setup",
        "which-key": "which-key"
      }
    },
    "setup": {
      "flake": false,
      "locked": {
        "lastModified": 1761595148,
        "narHash": "sha256-lLeKsLFf1+Bjk6ETq+0Nncw6DPOVxE49cAexdLAr/5U=",
        "ref": "refs/heads/master",
        "rev": "de9b86c6f29cf9888e911924ffc4ce47312320c3",
        "revCount": 224,
        "type": "git",
        "url": "https://codeberg.org/pkal/setup.el"
      },
      "original": {
        "type": "git",
        "url": "https://codeberg.org/pkal/setup.el"
      }
    },
    "which-key": {
      "flake": false,
      "locked": {
        "lastModified": 1719328933,
        "narHash": "sha256-fE445u1OSi8M4eucShxZL89BaXqsVZhlWqS+lSGjrSI=",
        "owner": "justbur",
        "repo": "emacs-which-key",
        "rev": "38d4308d1143b61e4004b6e7a940686784e51500",
        "type": "github"
      },
      "original": {
        "owner": "justbur",
        "repo": "emacs-which-key",
        "type": "github"
      }
    }
  },
  "root": "root",
  "version": 7
}
